{
  "name": "todo",
  "version": "1.0.0",
  "lockfileVersion": 1,
  "requires": true,
  "dependencies": {
    "date-fns": {
      "version": "1.28.0",
      "resolved": "https://registry.npmjs.org/date-fns/-/date-fns-1.28.0.tgz",
      "integrity": "sha1-OxL1S2ZGeAe7leWTDK97+0FwvBo="
    },
    "dateism": {
      "version": "0.0.1",
      "resolved": "https://registry.npmjs.org/dateism/-/dateism-0.0.1.tgz",
      "integrity": "sha1-n+NAFK6UGE1zXM1sW+GOeMY4b1E=",
      "requires": {
        "date-fns": "1.28.0"
      }
    },
    "graceful-fs": {
      "version": "4.1.11",
      "resolved": "https://registry.npmjs.org/graceful-fs/-/graceful-fs-4.1.11.tgz",
      "integrity": "sha1-Dovf5NHduIVNZOBOp8AOKgJuVlg=",
      "optional": true
    },
    "jsonfile": {
      "version": "3.0.1",
      "resolved": "https://registry.npmjs.org/jsonfile/-/jsonfile-3.0.1.tgz",
      "integrity": "sha1-pezG9l9T9mLEQVx2daAzHQmS7GY=",
      "requires": {
        "graceful-fs": "4.1.11"
      }
    },
    "make-dir": {
      "version": "1.0.0",
      "resolved": "https://registry.npmjs.org/make-dir/-/make-dir-1.0.0.tgz",
      "integrity": "sha1-l6ARdR6R3YfPre9Ygy67BJNt6Xg=",
      "requires": {
        "pify": "2.3.0"
      },
      "dependencies": {
        "pify": {
          "version": "2.3.0",
          "resolved": "https://registry.npmjs.org/pify/-/pify-2.3.0.tgz",
          "integrity": "sha1-7RQaasBDqEnqWISY59yosVMw6Qw="
        }
      }
    },
    "pify": {
      "version": "3.0.0",
      "resolved": "https://registry.npmjs.org/pify/-/pify-3.0.0.tgz",
      "integrity": "sha1-5aSs0sEB/fPZpNB/DbxNtJ3SgXY="
    }
  }
}
